
Microsoft Visual Studio Solution File, Format Version 12.00
# Visual Studio Version 16
VisualStudioVersion = 16.0.31729.503
MinimumVisualStudioVersion = 10.0.40219.1
Project("{8BC9CEB8-8B4A-11D0-8D11-00A0C91BC942}") = "OpenGLApp", "OpenGLApp\OpenGLApp.vcxproj", "{51AA506C-AE4E-44BB-8B7E-546B9485797A}"
EndProject
Project("{8BC9CEB8-8B4A-11D0-8D11-00A0C91BC942}") = "Uniform", "Uniform\Uniform.vcxproj", "{B7B78158-D3DF-4D9B-87F0-4326BBC958AB}"
EndProject
Project("{8BC9CEB8-8B4A-11D0-8D11-00A0C91BC942}") = "Translation", "Translation\Translation.vcxproj", "{CF453ACF-BD8F-4504-9504-D6ACC9E83998}"
EndProject
Project("{8BC9CEB8-8B4A-11D0-8D11-00A0C91BC942}") = "Rotation", "Rotation\Rotation.vcxproj", "{AA778082-148D-4A63-9584-A17A2E4C3281}"
EndProject
Project("{8BC9CEB8-8B4A-11D0-8D11-00A0C91BC942}") = "Scaling", "Scaling\Scaling.vcxproj", "{02539AB6-F95B-42B2-8E06-16D085B6C3A5}"
EndProject
Project("{8BC9CEB8-8B4A-11D0-8D11-00A0C91BC942}") = "Interpolation", "Interpolation\Interpolation.vcxproj", "{C003CBA5-99AC-4A07-94EB-20E6C04E3662}"
EndProject
Project("{8BC9CEB8-8B4A-11D0-8D11-00A0C91BC942}") = "IndexDraws", "IndexDraws\IndexDraws.vcxproj", "{65FC47E6-608F-4FEC-BF84-333CB8198051}"
EndProject
Project("{8BC9CEB8-8B4A-11D0-8D11-00A0C91BC942}") = "Projection", "Projection\Projection.vcxproj", "{B14D5D79-3123-44A7-8388-CD7151F17C6E}"
EndProject
Project("{8BC9CEB8-8B4A-11D0-8D11-00A0C91BC942}") = "Transform", "Transform\Transform.vcxproj", "{90FB1A45-0060-4937-BB2F-2F4E8FFFA30C}"
EndProject
Project("{8BC9CEB8-8B4A-11D0-8D11-00A0C91BC942}") = "CameraRender", "CameraRender\CameraRender.vcxproj", "{F0B4F8A6-2D62-430D-A98B-CEC128E66B3F}"
EndProject
Project("{8BC9CEB8-8B4A-11D0-8D11-00A0C91BC942}") = "TextureMapping", "TextureMapping\TextureMapping.vcxproj", "{8D300EF7-32AC-4002-8837-56DCE4E55C9D}"
EndProject
Project("{8BC9CEB8-8B4A-11D0-8D11-00A0C91BC942}") = "AmbientLight", "AmbientLight\AmbientLight.vcxproj", "{337868F0-13D3-455F-99DF-1B55E5458440}"
EndProject
Global
	GlobalSection(SolutionConfigurationPlatforms) = preSolution
		Debug|x64 = Debug|x64
		Debug|x86 = Debug|x86
		Release|x64 = Release|x64
		Release|x86 = Release|x86
	EndGlobalSection
	GlobalSection(ProjectConfigurationPlatforms) = postSolution
		{51AA506C-AE4E-44BB-8B7E-546B9485797A}.Debug|x64.ActiveCfg = Debug|x64
		{51AA506C-AE4E-44BB-8B7E-546B9485797A}.Debug|x64.Build.0 = Debug|x64
		{51AA506C-AE4E-44BB-8B7E-546B9485797A}.Debug|x86.ActiveCfg = Debug|Win32
		{51AA506C-AE4E-44BB-8B7E-546B9485797A}.Debug|x86.Build.0 = Debug|Win32
		{51AA506C-AE4E-44BB-8B7E-546B9485797A}.Release|x64.ActiveCfg = Release|x64
		{51AA506C-AE4E-44BB-8B7E-546B9485797A}.Release|x64.Build.0 = Release|x64
		{51AA506C-AE4E-44BB-8B7E-546B9485797A}.Release|x86.ActiveCfg = Release|Win32
		{51AA506C-AE4E-44BB-8B7E-546B9485797A}.Release|x86.Build.0 = Release|Win32
		{B7B78158-D3DF-4D9B-87F0-4326BBC958AB}.Debug|x64.ActiveCfg = Debug|x64
		{B7B78158-D3DF-4D9B-87F0-4326BBC958AB}.Debug|x64.Build.0 = Debug|x64
		{B7B78158-D3DF-4D9B-87F0-4326BBC958AB}.Debug|x86.ActiveCfg = Debug|Win32
		{B7B78158-D3DF-4D9B-87F0-4326BBC958AB}.Debug|x86.Build.0 = Debug|Win32
		{B7B78158-D3DF-4D9B-87F0-4326BBC958AB}.Release|x64.ActiveCfg = Release|x64
		{B7B78158-D3DF-4D9B-87F0-4326BBC958AB}.Release|x64.Build.0 = Release|x64
		{B7B78158-D3DF-4D9B-87F0-4326BBC958AB}.Release|x86.ActiveCfg = Release|Win32
		{B7B78158-D3DF-4D9B-87F0-4326BBC958AB}.Release|x86.Build.0 = Release|Win32
		{CF453ACF-BD8F-4504-9504-D6ACC9E83998}.Debug|x64.ActiveCfg = Debug|x64
		{CF453ACF-BD8F-4504-9504-D6ACC9E83998}.Debug|x64.Build.0 = Debug|x64
		{CF453ACF-BD8F-4504-9504-D6ACC9E83998}.Debug|x86.ActiveCfg = Debug|Win32
		{CF453ACF-BD8F-4504-9504-D6ACC9E83998}.Debug|x86.Build.0 = Debug|Win32
		{CF453ACF-BD8F-4504-9504-D6ACC9E83998}.Release|x64.ActiveCfg = Release|x64
		{CF453ACF-BD8F-4504-9504-D6ACC9E83998}.Release|x64.Build.0 = Release|x64
		{CF453ACF-BD8F-4504-9504-D6ACC9E83998}.Release|x86.ActiveCfg = Release|Win32
		{CF453ACF-BD8F-4504-9504-D6ACC9E83998}.Release|x86.Build.0 = Release|Win32
		{AA778082-148D-4A63-9584-A17A2E4C3281}.Debug|x64.ActiveCfg = Debug|x64
		{AA778082-148D-4A63-9584-A17A2E4C3281}.Debug|x64.Build.0 = Debug|x64
		{AA778082-148D-4A63-9584-A17A2E4C3281}.Debug|x86.ActiveCfg = Debug|Win32
		{AA778082-148D-4A63-9584-A17A2E4C3281}.Debug|x86.Build.0 = Debug|Win32
		{AA778082-148D-4A63-9584-A17A2E4C3281}.Release|x64.ActiveCfg = Release|x64
		{AA778082-148D-4A63-9584-A17A2E4C3281}.Release|x64.Build.0 = Release|x64
		{AA778082-148D-4A63-9584-A17A2E4C3281}.Release|x86.ActiveCfg = Release|Win32
		{AA778082-148D-4A63-9584-A17A2E4C3281}.Release|x86.Build.0 = Release|Win32
		{02539AB6-F95B-42B2-8E06-16D085B6C3A5}.Debug|x64.ActiveCfg = Debug|x64
		{02539AB6-F95B-42B2-8E06-16D085B6C3A5}.Debug|x64.Build.0 = Debug|x64
		{02539AB6-F95B-42B2-8E06-16D085B6C3A5}.Debug|x86.ActiveCfg = Debug|Win32
		{02539AB6-F95B-42B2-8E06-16D085B6C3A5}.Debug|x86.Build.0 = Debug|Win32
		{02539AB6-F95B-42B2-8E06-16D085B6C3A5}.Release|x64.ActiveCfg = Release|x64
		{02539AB6-F95B-42B2-8E06-16D085B6C3A5}.Release|x64.Build.0 = Release|x64
		{02539AB6-F95B-42B2-8E06-16D085B6C3A5}.Release|x86.ActiveCfg = Release|Win32
		{02539AB6-F95B-42B2-8E06-16D085B6C3A5}.Release|x86.Build.0 = Release|Win32
		{C003CBA5-99AC-4A07-94EB-20E6C04E3662}.Debug|x64.ActiveCfg = Debug|x64
		{C003CBA5-99AC-4A07-94EB-20E6C04E3662}.Debug|x64.Build.0 = Debug|x64
		{C003CBA5-99AC-4A07-94EB-20E6C04E3662}.Debug|x86.ActiveCfg = Debug|Win32
		{C003CBA5-99AC-4A07-94EB-20E6C04E3662}.Debug|x86.Build.0 = Debug|Win32
		{C003CBA5-99AC-4A07-94EB-20E6C04E3662}.Release|x64.ActiveCfg = Release|x64
		{C003CBA5-99AC-4A07-94EB-20E6C04E3662}.Release|x64.Build.0 = Release|x64
		{C003CBA5-99AC-4A07-94EB-20E6C04E3662}.Release|x86.ActiveCfg = Release|Win32
		{C003CBA5-99AC-4A07-94EB-20E6C04E3662}.Release|x86.Build.0 = Release|Win32
		{65FC47E6-608F-4FEC-BF84-333CB8198051}.Debug|x64.ActiveCfg = Debug|x64
		{65FC47E6-608F-4FEC-BF84-333CB8198051}.Debug|x64.Build.0 = Debug|x64
		{65FC47E6-608F-4FEC-BF84-333CB8198051}.Debug|x86.ActiveCfg = Debug|Win32
		{65FC47E6-608F-4FEC-BF84-333CB8198051}.Debug|x86.Build.0 = Debug|Win32
		{65FC47E6-608F-4FEC-BF84-333CB8198051}.Release|x64.ActiveCfg = Release|x64
		{65FC47E6-608F-4FEC-BF84-333CB8198051}.Release|x64.Build.0 = Release|x64
		{65FC47E6-608F-4FEC-BF84-333CB8198051}.Release|x86.ActiveCfg = Release|Win32
		{65FC47E6-608F-4FEC-BF84-333CB8198051}.Release|x86.Build.0 = Release|Win32
		{B14D5D79-3123-44A7-8388-CD7151F17C6E}.Debug|x64.ActiveCfg = Debug|x64
		{B14D5D79-3123-44A7-8388-CD7151F17C6E}.Debug|x64.Build.0 = Debug|x64
		{B14D5D79-3123-44A7-8388-CD7151F17C6E}.Debug|x86.ActiveCfg = Debug|Win32
		{B14D5D79-3123-44A7-8388-CD7151F17C6E}.Debug|x86.Build.0 = Debug|Win32
		{B14D5D79-3123-44A7-8388-CD7151F17C6E}.Release|x64.ActiveCfg = Release|x64
		{B14D5D79-3123-44A7-8388-CD7151F17C6E}.Release|x64.Build.0 = Release|x64
		{B14D5D79-3123-44A7-8388-CD7151F17C6E}.Release|x86.ActiveCfg = Release|Win32
		{B14D5D79-3123-44A7-8388-CD7151F17C6E}.Release|x86.Build.0 = Release|Win32
		{90FB1A45-0060-4937-BB2F-2F4E8FFFA30C}.Debug|x64.ActiveCfg = Debug|x64
		{90FB1A45-0060-4937-BB2F-2F4E8FFFA30C}.Debug|x64.Build.0 = Debug|x64
		{90FB1A45-0060-4937-BB2F-2F4E8FFFA30C}.Debug|x86.ActiveCfg = Debug|Win32
		{90FB1A45-0060-4937-BB2F-2F4E8FFFA30C}.Debug|x86.Build.0 = Debug|Win32
		{90FB1A45-0060-4937-BB2F-2F4E8FFFA30C}.Release|x64.ActiveCfg = Release|x64
		{90FB1A45-0060-4937-BB2F-2F4E8FFFA30C}.Release|x64.Build.0 = Release|x64
		{90FB1A45-0060-4937-BB2F-2F4E8FFFA30C}.Release|x86.ActiveCfg = Release|Win32
		{90FB1A45-0060-4937-BB2F-2F4E8FFFA30C}.Release|x86.Build.0 = Release|Win32
		{F0B4F8A6-2D62-430D-A98B-CEC128E66B3F}.Debug|x64.ActiveCfg = Debug|x64
		{F0B4F8A6-2D62-430D-A98B-CEC128E66B3F}.Debug|x64.Build.0 = Debug|x64
		{F0B4F8A6-2D62-430D-A98B-CEC128E66B3F}.Debug|x86.ActiveCfg = Debug|Win32
		{F0B4F8A6-2D62-430D-A98B-CEC128E66B3F}.Debug|x86.Build.0 = Debug|Win32
		{F0B4F8A6-2D62-430D-A98B-CEC128E66B3F}.Release|x64.ActiveCfg = Release|x64
		{F0B4F8A6-2D62-430D-A98B-CEC128E66B3F}.Release|x64.Build.0 = Release|x64
		{F0B4F8A6-2D62-430D-A98B-CEC128E66B3F}.Release|x86.ActiveCfg = Release|Win32
		{F0B4F8A6-2D62-430D-A98B-CEC128E66B3F}.Release|x86.Build.0 = Release|Win32
		{8D300EF7-32AC-4002-8837-56DCE4E55C9D}.Debug|x64.ActiveCfg = Debug|x64
		{8D300EF7-32AC-4002-8837-56DCE4E55C9D}.Debug|x64.Build.0 = Debug|x64
		{8D300EF7-32AC-4002-8837-56DCE4E55C9D}.Debug|x86.ActiveCfg = Debug|Win32
		{8D300EF7-32AC-4002-8837-56DCE4E55C9D}.Debug|x86.Build.0 = Debug|Win32
		{8D300EF7-32AC-4002-8837-56DCE4E55C9D}.Release|x64.ActiveCfg = Release|x64
		{8D300EF7-32AC-4002-8837-56DCE4E55C9D}.Release|x64.Build.0 = Release|x64
		{8D300EF7-32AC-4002-8837-56DCE4E55C9D}.Release|x86.ActiveCfg = Release|Win32
		{8D300EF7-32AC-4002-8837-56DCE4E55C9D}.Release|x86.Build.0 = Release|Win32
		{337868F0-13D3-455F-99DF-1B55E5458440}.Debug|x64.ActiveCfg = Debug|x64
		{337868F0-13D3-455F-99DF-1B55E5458440}.Debug|x64.Build.0 = Debug|x64
		{337868F0-13D3-455F-99DF-1B55E5458440}.Debug|x86.ActiveCfg = Debug|Win32
		{337868F0-13D3-455F-99DF-1B55E5458440}.Debug|x86.Build.0 = Debug|Win32
		{337868F0-13D3-455F-99DF-1B55E5458440}.Release|x64.ActiveCfg = Release|x64
		{337868F0-13D3-455F-99DF-1B55E5458440}.Release|x64.Build.0 = Release|x64
		{337868F0-13D3-455F-99DF-1B55E5458440}.Release|x86.ActiveCfg = Release|Win32
		{337868F0-13D3-455F-99DF-1B55E5458440}.Release|x86.Build.0 = Release|Win32
	EndGlobalSection
	GlobalSection(SolutionProperties) = preSolution
		HideSolutionNode = FALSE
	EndGlobalSection
	GlobalSection(ExtensibilityGlobals) = postSolution
		SolutionGuid = {CA2340CD-28D1-450A-829E-E8F2182159F1}
	EndGlobalSection
EndGlobal
